<?xml version="1.0" encoding="UTF-8" standalone="yes" ?>
<CodeBlocks_project_file>
	<FileVersion major="1" minor="6" />
	<Project>
		<Option title="STR_2017" />
		<Option pch_mode="2" />
		<Option compiler="gcc" />
		<Build>
			<Target title="Debug">
				<Option output="bin/STR_2017" prefix_auto="1" extension_auto="1" />
				<Option working_dir="bin/" />
				<Option object_output="obj/" />
				<Option type="1" />
				<Option compiler="gcc" />
				<Compiler>
					<Add option="-g" />
				</Compiler>
				<Linker>
					<Add library="sfml-graphics-d" />
					<Add library="sfml-window-d" />
					<Add library="sfml-system-d" />
				</Linker>
			</Target>
			<Target title="Release">
				<Option output="bin/STR_2017" prefix_auto="1" extension_auto="1" />
				<Option working_dir="bin/" />
				<Option object_output="obj/" />
				<Option type="0" />
				<Option compiler="gcc" />
				<Compiler>
					<Add option="-O2" />
				</Compiler>
				<Linker>
					<Add option="-s" />
					<Add library="sfml-graphics" />
					<Add library="sfml-window" />
					<Add library="sfml-system" />
				</Linker>
			</Target>
		</Build>
		<Compiler>
			<Add option="-Wall" />
			<Add directory="$(#sfml.include)" />
		</Compiler>
		<Linker>
			<Add library="mingw32" />
			<Add library="user32" />
			<Add library="gdi32" />
			<Add library="winmm" />
			<Add library="dxguid" />
			<Add directory="$(#sfml.lib)" />
		</Linker>
		<Unit filename="src/cameramanager.cpp" />
		<Unit filename="src/cameramanager.h" />
		<Unit filename="src/drawableobject.cpp" />
		<Unit filename="src/drawableobject.h" />
		<Unit filename="src/drawmanager.cpp" />
		<Unit filename="src/drawmanager.h" />
		<Unit filename="src/gameboard.cpp" />
		<Unit filename="src/gameboard.h" />
		<Unit filename="src/gamestate.cpp" />
		<Unit filename="src/gamestate.h" />
		<Unit filename="src/inputmanager.cpp" />
		<Unit filename="src/inputmanager.h" />
		<Unit filename="src/main.cpp" />
		<Unit filename="src/robot.cpp" />
		<Unit filename="src/robot.h" />
		<Unit filename="src/stdafx.cpp" />
		<Unit filename="src/stdafx.h" />
		<Unit filename="src/tile.cpp" />
		<Unit filename="src/tile.h" />
		<Extensions>
			<code_completion />
			<envvars />
			<debugger />
		</Extensions>
	</Project>
</CodeBlocks_project_file>
